// !$*UTF8*$!
{
	archiveVersion = 1;
	classes = {
	};
	objectVersion = 46;
	objects = {

/* Begin PBXBuildFile section */
		CA021DD217EE350800DE0ECB /* UIKit.framework in Frameworks */ = {isa = PBXBuildFile; fileRef = CA021DD117EE350800DE0ECB /* UIKit.framework */; };
		CA021DD417EE350800DE0ECB /* Foundation.framework in Frameworks */ = {isa = PBXBuildFile; fileRef = CA021DD317EE350800DE0ECB /* Foundation.framework */; };
		CA021DD617EE350800DE0ECB /* CoreGraphics.framework in Frameworks */ = {isa = PBXBuildFile; fileRef = CA021DD517EE350800DE0ECB /* CoreGraphics.framework */; };
		CA021DDC17EE350800DE0ECB /* InfoPlist.strings in Resources */ = {isa = PBXBuildFile; fileRef = CA021DDA17EE350800DE0ECB /* InfoPlist.strings */; };
		CA021DDE17EE350800DE0ECB /* main.m in Sources */ = {isa = PBXBuildFile; fileRef = CA021DDD17EE350800DE0ECB /* main.m */; };
		CA021DE217EE350800DE0ECB /* PMAppDelegate.m in Sources */ = {isa = PBXBuildFile; fileRef = CA021DE117EE350800DE0ECB /* PMAppDelegate.m */; };
		CA021DE417EE350800DE0ECB /* Default.png in Resources */ = {isa = PBXBuildFile; fileRef = CA021DE317EE350800DE0ECB /* Default.png */; };
		CA021DE617EE350800DE0ECB /* Default@2x.png in Resources */ = {isa = PBXBuildFile; fileRef = CA021DE517EE350800DE0ECB /* Default@2x.png */; };
		CA021DE817EE350800DE0ECB /* Default-568h@2x.png in Resources */ = {isa = PBXBuildFile; fileRef = CA021DE717EE350800DE0ECB /* Default-568h@2x.png */; };
		CA021DEB17EE350800DE0ECB /* MainStoryboard.storyboard in Resources */ = {isa = PBXBuildFile; fileRef = CA021DE917EE350800DE0ECB /* MainStoryboard.storyboard */; };
		CA021DEE17EE350800DE0ECB /* PMDummyViewController.m in Sources */ = {isa = PBXBuildFile; fileRef = CA021DED17EE350800DE0ECB /* PMDummyViewController.m */; };
		CA021E0017EE3B3700DE0ECB /* AssetsLibrary.framework in Frameworks */ = {isa = PBXBuildFile; fileRef = CA021DFF17EE3B3700DE0ECB /* AssetsLibrary.framework */; };
		CA021E0717EE463200DE0ECB /* PMExploreViewController.m in Sources */ = {isa = PBXBuildFile; fileRef = CA021E0617EE463200DE0ECB /* PMExploreViewController.m */; };
		CA021E0A17EE467100DE0ECB /* PMMineViewController.m in Sources */ = {isa = PBXBuildFile; fileRef = CA021E0917EE467100DE0ECB /* PMMineViewController.m */; };
		CA021E0D17EE47B100DE0ECB /* Explore.png in Resources */ = {isa = PBXBuildFile; fileRef = CA021E0B17EE47B100DE0ECB /* Explore.png */; };
		CA021E0E17EE47B100DE0ECB /* Mine.png in Resources */ = {isa = PBXBuildFile; fileRef = CA021E0C17EE47B100DE0ECB /* Mine.png */; };
		CA021E1117EE50FD00DE0ECB /* PMExploreListCell.m in Sources */ = {isa = PBXBuildFile; fileRef = CA021E1017EE50FD00DE0ECB /* PMExploreListCell.m */; };
		CA021E1317EE539B00DE0ECB /* GoldenGateBridge3.jpg in Resources */ = {isa = PBXBuildFile; fileRef = CA021E1217EE539B00DE0ECB /* GoldenGateBridge3.jpg */; };
		CA021E1C17EE655C00DE0ECB /* cellBg.png in Resources */ = {isa = PBXBuildFile; fileRef = CA021E1B17EE655C00DE0ECB /* cellBg.png */; };
		CA021E1E17EE670500DE0ECB /* navBar.png in Resources */ = {isa = PBXBuildFile; fileRef = CA021E1D17EE670400DE0ECB /* navBar.png */; };
		CA021E2117EE6E6900DE0ECB /* GoldenGateBridge2.jpg in Resources */ = {isa = PBXBuildFile; fileRef = CA021E1F17EE6E6900DE0ECB /* GoldenGateBridge2.jpg */; };
		CA021E2417EE6EB200DE0ECB /* GoldenGateBridge1.jpg in Resources */ = {isa = PBXBuildFile; fileRef = CA021E2317EE6EB200DE0ECB /* GoldenGateBridge1.jpg */; };
		CA021E2817EE6EBA00DE0ECB /* FishermansWharf1.jpg in Resources */ = {isa = PBXBuildFile; fileRef = CA021E2517EE6EBA00DE0ECB /* FishermansWharf1.jpg */; };
		CA021E2917EE6EBA00DE0ECB /* FishermansWharf2.jpg in Resources */ = {isa = PBXBuildFile; fileRef = CA021E2617EE6EBA00DE0ECB /* FishermansWharf2.jpg */; };
		CA021E2A17EE6EBA00DE0ECB /* FishermansWharf3.jpg in Resources */ = {isa = PBXBuildFile; fileRef = CA021E2717EE6EBA00DE0ECB /* FishermansWharf3.jpg */; };
		CA021E2E17EE6ECF00DE0ECB /* LombardStreet1.jpg in Resources */ = {isa = PBXBuildFile; fileRef = CA021E2B17EE6ECE00DE0ECB /* LombardStreet1.jpg */; };
		CA021E2F17EE6ECF00DE0ECB /* LombardStreet2.jpg in Resources */ = {isa = PBXBuildFile; fileRef = CA021E2C17EE6ECE00DE0ECB /* LombardStreet2.jpg */; };
		CA021E3017EE6ECF00DE0ECB /* LombardStreet3.jpg in Resources */ = {isa = PBXBuildFile; fileRef = CA021E2D17EE6ECE00DE0ECB /* LombardStreet3.jpg */; };
		CA021E3517EE776900DE0ECB /* tabbar_selected.png in Resources */ = {isa = PBXBuildFile; fileRef = CA021E3117EE776800DE0ECB /* tabbar_selected.png */; };
		CA021E3617EE776900DE0ECB /* tabbar_selected@2x.png in Resources */ = {isa = PBXBuildFile; fileRef = CA021E3217EE776800DE0ECB /* tabbar_selected@2x.png */; };
		CA021E3717EE776900DE0ECB /* tabbar.png in Resources */ = {isa = PBXBuildFile; fileRef = CA021E3317EE776800DE0ECB /* tabbar.png */; };
		CA021E3817EE776900DE0ECB /* tabbar@2x.png in Resources */ = {isa = PBXBuildFile; fileRef = CA021E3417EE776900DE0ECB /* tabbar@2x.png */; };
		CA021E3C17EE788F00DE0ECB /* PMNewTripViewController.m in Sources */ = {isa = PBXBuildFile; fileRef = CA021E3B17EE788F00DE0ECB /* PMNewTripViewController.m */; };
/* End PBXBuildFile section */

/* Begin PBXFileReference section */
		CA021DCE17EE350800DE0ECB /* PinMo.app */ = {isa = PBXFileReference; explicitFileType = wrapper.application; includeInIndex = 0; path = PinMo.app; sourceTree = BUILT_PRODUCTS_DIR; };
		CA021DD117EE350800DE0ECB /* UIKit.framework */ = {isa = PBXFileReference; lastKnownFileType = wrapper.framework; name = UIKit.framework; path = System/Library/Frameworks/UIKit.framework; sourceTree = SDKROOT; };
		CA021DD317EE350800DE0ECB /* Foundation.framework */ = {isa = PBXFileReference; lastKnownFileType = wrapper.framework; name = Foundation.framework; path = System/Library/Frameworks/Foundation.framework; sourceTree = SDKROOT; };
		CA021DD517EE350800DE0ECB /* CoreGraphics.framework */ = {isa = PBXFileReference; lastKnownFileType = wrapper.framework; name = CoreGraphics.framework; path = System/Library/Frameworks/CoreGraphics.framework; sourceTree = SDKROOT; };
		CA021DD917EE350800DE0ECB /* PinMo-Info.plist */ = {isa = PBXFileReference; lastKnownFileType = text.plist.xml; path = "PinMo-Info.plist"; sourceTree = "<group>"; };
		CA021DDB17EE350800DE0ECB /* en */ = {isa = PBXFileReference; lastKnownFileType = text.plist.strings; name = en; path = en.lproj/InfoPlist.strings; sourceTree = "<group>"; };
		CA021DDD17EE350800DE0ECB /* main.m */ = {isa = PBXFileReference; lastKnownFileType = sourcecode.c.objc; path = main.m; sourceTree = "<group>"; };
		CA021DDF17EE350800DE0ECB /* PinMo-Prefix.pch */ = {isa = PBXFileReference; lastKnownFileType = sourcecode.c.h; path = "PinMo-Prefix.pch"; sourceTree = "<group>"; };
		CA021DE017EE350800DE0ECB /* PMAppDelegate.h */ = {isa = PBXFileReference; lastKnownFileType = sourcecode.c.h; path = PMAppDelegate.h; sourceTree = "<group>"; };
		CA021DE117EE350800DE0ECB /* PMAppDelegate.m */ = {isa = PBXFileReference; lastKnownFileType = sourcecode.c.objc; path = PMAppDelegate.m; sourceTree = "<group>"; };
		CA021DE317EE350800DE0ECB /* Default.png */ = {isa = PBXFileReference; lastKnownFileType = image.png; path = Default.png; sourceTree = "<group>"; };
		CA021DE517EE350800DE0ECB /* Default@2x.png */ = {isa = PBXFileReference; lastKnownFileType = image.png; path = "Default@2x.png"; sourceTree = "<group>"; };
		CA021DE717EE350800DE0ECB /* Default-568h@2x.png */ = {isa = PBXFileReference; lastKnownFileType = image.png; path = "Default-568h@2x.png"; sourceTree = "<group>"; };
		CA021DEA17EE350800DE0ECB /* en */ = {isa = PBXFileReference; lastKnownFileType = file.storyboard; name = en; path = en.lproj/MainStoryboard.storyboard; sourceTree = "<group>"; };
		CA021DEC17EE350800DE0ECB /* PMDummyViewController.h */ = {isa = PBXFileReference; lastKnownFileType = sourcecode.c.h; path = PMDummyViewController.h; sourceTree = "<group>"; };
		CA021DED17EE350800DE0ECB /* PMDummyViewController.m */ = {isa = PBXFileReference; lastKnownFileType = sourcecode.c.objc; path = PMDummyViewController.m; sourceTree = "<group>"; };
		CA021DFF17EE3B3700DE0ECB /* AssetsLibrary.framework */ = {isa = PBXFileReference; lastKnownFileType = wrapper.framework; name = AssetsLibrary.framework; path = System/Library/Frameworks/AssetsLibrary.framework; sourceTree = SDKROOT; };
		CA021E0517EE463200DE0ECB /* PMExploreViewController.h */ = {isa = PBXFileReference; fileEncoding = 4; lastKnownFileType = sourcecode.c.h; path = PMExploreViewController.h; sourceTree = "<group>"; };
		CA021E0617EE463200DE0ECB /* PMExploreViewController.m */ = {isa = PBXFileReference; fileEncoding = 4; lastKnownFileType = sourcecode.c.objc; path = PMExploreViewController.m; sourceTree = "<group>"; };
		CA021E0817EE467100DE0ECB /* PMMineViewController.h */ = {isa = PBXFileReference; fileEncoding = 4; lastKnownFileType = sourcecode.c.h; path = PMMineViewController.h; sourceTree = "<group>"; };
		CA021E0917EE467100DE0ECB /* PMMineViewController.m */ = {isa = PBXFileReference; fileEncoding = 4; lastKnownFileType = sourcecode.c.objc; path = PMMineViewController.m; sourceTree = "<group>"; };
		CA021E0B17EE47B100DE0ECB /* Explore.png */ = {isa = PBXFileReference; lastKnownFileType = image.png; path = Explore.png; sourceTree = "<group>"; };
		CA021E0C17EE47B100DE0ECB /* Mine.png */ = {isa = PBXFileReference; lastKnownFileType = image.png; path = Mine.png; sourceTree = "<group>"; };
		CA021E0F17EE50FD00DE0ECB /* PMExploreListCell.h */ = {isa = PBXFileReference; fileEncoding = 4; lastKnownFileType = sourcecode.c.h; path = PMExploreListCell.h; sourceTree = "<group>"; };
		CA021E1017EE50FD00DE0ECB /* PMExploreListCell.m */ = {isa = PBXFileReference; fileEncoding = 4; lastKnownFileType = sourcecode.c.objc; path = PMExploreListCell.m; sourceTree = "<group>"; };
		CA021E1217EE539B00DE0ECB /* GoldenGateBridge3.jpg */ = {isa = PBXFileReference; lastKnownFileType = image.jpeg; path = GoldenGateBridge3.jpg; sourceTree = "<group>"; };
		CA021E1B17EE655C00DE0ECB /* cellBg.png */ = {isa = PBXFileReference; lastKnownFileType = image.png; path = cellBg.png; sourceTree = "<group>"; };
		CA021E1D17EE670400DE0ECB /* navBar.png */ = {isa = PBXFileReference; lastKnownFileType = image.png; path = navBar.png; sourceTree = "<group>"; };
		CA021E1F17EE6E6900DE0ECB /* GoldenGateBridge2.jpg */ = {isa = PBXFileReference; lastKnownFileType = image.jpeg; path = GoldenGateBridge2.jpg; sourceTree = "<group>"; };
		CA021E2317EE6EB200DE0ECB /* GoldenGateBridge1.jpg */ = {isa = PBXFileReference; lastKnownFileType = image.jpeg; path = GoldenGateBridge1.jpg; sourceTree = "<group>"; };
		CA021E2517EE6EBA00DE0ECB /* FishermansWharf1.jpg */ = {isa = PBXFileReference; lastKnownFileType = image.jpeg; path = FishermansWharf1.jpg; sourceTree = "<group>"; };
		CA021E2617EE6EBA00DE0ECB /* FishermansWharf2.jpg */ = {isa = PBXFileReference; lastKnownFileType = image.jpeg; path = FishermansWharf2.jpg; sourceTree = "<group>"; };
		CA021E2717EE6EBA00DE0ECB /* FishermansWharf3.jpg */ = {isa = PBXFileReference; lastKnownFileType = image.jpeg; path = FishermansWharf3.jpg; sourceTree = "<group>"; };
		CA021E2B17EE6ECE00DE0ECB /* LombardStreet1.jpg */ = {isa = PBXFileReference; lastKnownFileType = image.jpeg; path = LombardStreet1.jpg; sourceTree = "<group>"; };
		CA021E2C17EE6ECE00DE0ECB /* LombardStreet2.jpg */ = {isa = PBXFileReference; lastKnownFileType = image.jpeg; path = LombardStreet2.jpg; sourceTree = "<group>"; };
		CA021E2D17EE6ECE00DE0ECB /* LombardStreet3.jpg */ = {isa = PBXFileReference; lastKnownFileType = image.jpeg; path = LombardStreet3.jpg; sourceTree = "<group>"; };
		CA021E3117EE776800DE0ECB /* tabbar_selected.png */ = {isa = PBXFileReference; lastKnownFileType = image.png; path = tabbar_selected.png; sourceTree = "<group>"; };
		CA021E3217EE776800DE0ECB /* tabbar_selected@2x.png */ = {isa = PBXFileReference; lastKnownFileType = image.png; path = "tabbar_selected@2x.png"; sourceTree = "<group>"; };
		CA021E3317EE776800DE0ECB /* tabbar.png */ = {isa = PBXFileReference; lastKnownFileType = image.png; path = tabbar.png; sourceTree = "<group>"; };
		CA021E3417EE776900DE0ECB /* tabbar@2x.png */ = {isa = PBXFileReference; lastKnownFileType = image.png; path = "tabbar@2x.png"; sourceTree = "<group>"; };
		CA021E3A17EE788F00DE0ECB /* PMNewTripViewController.h */ = {isa = PBXFileReference; fileEncoding = 4; lastKnownFileType = sourcecode.c.h; path = PMNewTripViewController.h; sourceTree = "<group>"; };
		CA021E3B17EE788F00DE0ECB /* PMNewTripViewController.m */ = {isa = PBXFileReference; fileEncoding = 4; lastKnownFileType = sourcecode.c.objc; path = PMNewTripViewController.m; sourceTree = "<group>"; };
/* End PBXFileReference section */

/* Begin PBXFrameworksBuildPhase section */
		CA021DCB17EE350800DE0ECB /* Frameworks */ = {
			isa = PBXFrameworksBuildPhase;
			buildActionMask = 2147483647;
			files = (
				CA021E0017EE3B3700DE0ECB /* AssetsLibrary.framework in Frameworks */,
				CA021DD217EE350800DE0ECB /* UIKit.framework in Frameworks */,
				CA021DD417EE350800DE0ECB /* Foundation.framework in Frameworks */,
				CA021DD617EE350800DE0ECB /* CoreGraphics.framework in Frameworks */,
			);
			runOnlyForDeploymentPostprocessing = 0;
		};
/* End PBXFrameworksBuildPhase section */

/* Begin PBXGroup section */
		CA021DC517EE350800DE0ECB = {
			isa = PBXGroup;
			children = (
				CA021DD717EE350800DE0ECB /* PinMo */,
				CA021DD017EE350800DE0ECB /* Frameworks */,
				CA021DCF17EE350800DE0ECB /* Products */,
			);
			sourceTree = "<group>";
		};
		CA021DCF17EE350800DE0ECB /* Products */ = {
			isa = PBXGroup;
			children = (
				CA021DCE17EE350800DE0ECB /* PinMo.app */,
			);
			name = Products;
			sourceTree = "<group>";
		};
		CA021DD017EE350800DE0ECB /* Frameworks */ = {
			isa = PBXGroup;
			children = (
				CA021DFF17EE3B3700DE0ECB /* AssetsLibrary.framework */,
				CA021DD117EE350800DE0ECB /* UIKit.framework */,
				CA021DD317EE350800DE0ECB /* Foundation.framework */,
				CA021DD517EE350800DE0ECB /* CoreGraphics.framework */,
			);
			name = Frameworks;
			sourceTree = "<group>";
		};
		CA021DD717EE350800DE0ECB /* PinMo */ = {
			isa = PBXGroup;
			children = (
				CA021E0117EE461000DE0ECB /* Resources */,
				CA021E0417EE461000DE0ECB /* ViewControllers */,
				CA021DE017EE350800DE0ECB /* PMAppDelegate.h */,
				CA021DE117EE350800DE0ECB /* PMAppDelegate.m */,
				CA021DE917EE350800DE0ECB /* MainStoryboard.storyboard */,
				CA021DEC17EE350800DE0ECB /* PMDummyViewController.h */,
				CA021DED17EE350800DE0ECB /* PMDummyViewController.m */,
				CA021DD817EE350800DE0ECB /* Supporting Files */,
			);
			path = PinMo;
			sourceTree = "<group>";
		};
		CA021DD817EE350800DE0ECB /* Supporting Files */ = {
			isa = PBXGroup;
			children = (
				CA021DD917EE350800DE0ECB /* PinMo-Info.plist */,
				CA021DDA17EE350800DE0ECB /* InfoPlist.strings */,
				CA021DDD17EE350800DE0ECB /* main.m */,
				CA021DDF17EE350800DE0ECB /* PinMo-Prefix.pch */,
				CA021DE317EE350800DE0ECB /* Default.png */,
				CA021DE517EE350800DE0ECB /* Default@2x.png */,
				CA021DE717EE350800DE0ECB /* Default-568h@2x.png */,
			);
			name = "Supporting Files";
			sourceTree = "<group>";
		};
		CA021E0117EE461000DE0ECB /* Resources */ = {
			isa = PBXGroup;
			children = (
				CA021E0217EE461000DE0ECB /* Images */,
			);
			path = Resources;
			sourceTree = "<group>";
		};
		CA021E0217EE461000DE0ECB /* Images */ = {
			isa = PBXGroup;
			children = (
				CA021E3917EE776F00DE0ECB /* tabbar */,
				CA021E1B17EE655C00DE0ECB /* cellBg.png */,
				CA021E1217EE539B00DE0ECB /* GoldenGateBridge3.jpg */,
				CA021E1F17EE6E6900DE0ECB /* GoldenGateBridge2.jpg */,
				CA021E2B17EE6ECE00DE0ECB /* LombardStreet1.jpg */,
				CA021E2C17EE6ECE00DE0ECB /* LombardStreet2.jpg */,
				CA021E2D17EE6ECE00DE0ECB /* LombardStreet3.jpg */,
				CA021E2517EE6EBA00DE0ECB /* FishermansWharf1.jpg */,
				CA021E2617EE6EBA00DE0ECB /* FishermansWharf2.jpg */,
				CA021E2717EE6EBA00DE0ECB /* FishermansWharf3.jpg */,
				CA021E2317EE6EB200DE0ECB /* GoldenGateBridge1.jpg */,
				CA021E0B17EE47B100DE0ECB /* Explore.png */,
				CA021E0C17EE47B100DE0ECB /* Mine.png */,
				CA021E1D17EE670400DE0ECB /* navBar.png */,
			);
			path = Images;
			sourceTree = "<group>";
		};
		CA021E0417EE461000DE0ECB /* ViewControllers */ = {
			isa = PBXGroup;
			children = (
				CA021E0517EE463200DE0ECB /* PMExploreViewController.h */,
				CA021E0617EE463200DE0ECB /* PMExploreViewController.m */,
				CA021E0817EE467100DE0ECB /* PMMineViewController.h */,
				CA021E0917EE467100DE0ECB /* PMMineViewController.m */,
				CA021E0F17EE50FD00DE0ECB /* PMExploreListCell.h */,
				CA021E1017EE50FD00DE0ECB /* PMExploreListCell.m */,
				CA021E3A17EE788F00DE0ECB /* PMNewTripViewController.h */,
				CA021E3B17EE788F00DE0ECB /* PMNewTripViewController.m */,
			);
			path = ViewControllers;
			sourceTree = "<group>";
		};
		CA021E3917EE776F00DE0ECB /* tabbar */ = {
			isa = PBXGroup;
			children = (
				CA021E3117EE776800DE0ECB /* tabbar_selected.png */,
				CA021E3217EE776800DE0ECB /* tabbar_selected@2x.png */,
				CA021E3317EE776800DE0ECB /* tabbar.png */,
				CA021E3417EE776900DE0ECB /* tabbar@2x.png */,
			);
			name = tabbar;
			sourceTree = "<group>";
		};
/* End PBXGroup section */

/* Begin PBXNativeTarget section */
		CA021DCD17EE350800DE0ECB /* PinMo */ = {
			isa = PBXNativeTarget;
			buildConfigurationList = CA021DFC17EE350800DE0ECB /* Build configuration list for PBXNativeTarget "PinMo" */;
			buildPhases = (
				CA021DCA17EE350800DE0ECB /* Sources */,
				CA021DCB17EE350800DE0ECB /* Frameworks */,
				CA021DCC17EE350800DE0ECB /* Resources */,
			);
			buildRules = (
			);
			dependencies = (
			);
			name = PinMo;
			productName = PinMo;
			productReference = CA021DCE17EE350800DE0ECB /* PinMo.app */;
			productType = "com.apple.product-type.application";
		};
/* End PBXNativeTarget section */

/* Begin PBXProject section */
		CA021DC617EE350800DE0ECB /* Project object */ = {
			isa = PBXProject;
			attributes = {
				CLASSPREFIX = PM;
				LastUpgradeCheck = 0460;
				ORGANIZATIONNAME = "Bin Liu";
			};
			buildConfigurationList = CA021DC917EE350800DE0ECB /* Build configuration list for PBXProject "PinMo" */;
			compatibilityVersion = "Xcode 3.2";
			developmentRegion = English;
			hasScannedForEncodings = 0;
			knownRegions = (
				en,
			);
			mainGroup = CA021DC517EE350800DE0ECB;
			productRefGroup = CA021DCF17EE350800DE0ECB /* Products */;
			projectDirPath = "";
			projectRoot = "";
			targets = (
				CA021DCD17EE350800DE0ECB /* PinMo */,
			);
		};
/* End PBXProject section */

/* Begin PBXResourcesBuildPhase section */
		CA021DCC17EE350800DE0ECB /* Resources */ = {
			isa = PBXResourcesBuildPhase;
			buildActionMask = 2147483647;
			files = (
				CA021DDC17EE350800DE0ECB /* InfoPlist.strings in Resources */,
				CA021DE417EE350800DE0ECB /* Default.png in Resources */,
				CA021DE617EE350800DE0ECB /* Default@2x.png in Resources */,
				CA021DE817EE350800DE0ECB /* Default-568h@2x.png in Resources */,
				CA021DEB17EE350800DE0ECB /* MainStoryboard.storyboard in Resources */,
				CA021E0D17EE47B100DE0ECB /* Explore.png in Resources */,
				CA021E0E17EE47B100DE0ECB /* Mine.png in Resources */,
				CA021E1317EE539B00DE0ECB /* GoldenGateBridge3.jpg in Resources */,
				CA021E1C17EE655C00DE0ECB /* cellBg.png in Resources */,
				CA021E1E17EE670500DE0ECB /* navBar.png in Resources */,
				CA021E2117EE6E6900DE0ECB /* GoldenGateBridge2.jpg in Resources */,
				CA021E2417EE6EB200DE0ECB /* GoldenGateBridge1.jpg in Resources */,
				CA021E2817EE6EBA00DE0ECB /* FishermansWharf1.jpg in Resources */,
				CA021E2917EE6EBA00DE0ECB /* FishermansWharf2.jpg in Resources */,
				CA021E2A17EE6EBA00DE0ECB /* FishermansWharf3.jpg in Resources */,
				CA021E2E17EE6ECF00DE0ECB /* LombardStreet1.jpg in Resources */,
				CA021E2F17EE6ECF00DE0ECB /* LombardStreet2.jpg in Resources */,
				CA021E3017EE6ECF00DE0ECB /* LombardStreet3.jpg in Resources */,
				CA021E3517EE776900DE0ECB /* tabbar_selected.png in Resources */,
				CA021E3617EE776900DE0ECB /* tabbar_selected@2x.png in Resources */,
				CA021E3717EE776900DE0ECB /* tabbar.png in Resources */,
				CA021E3817EE776900DE0ECB /* tabbar@2x.png in Resources */,
			);
			runOnlyForDeploymentPostprocessing = 0;
		};
/* End PBXResourcesBuildPhase section */

/* Begin PBXSourcesBuildPhase section */
		CA021DCA17EE350800DE0ECB /* Sources */ = {
			isa = PBXSourcesBuildPhase;
			buildActionMask = 2147483647;
			files = (
				CA021DDE17EE350800DE0ECB /* main.m in Sources */,
				CA021DE217EE350800DE0ECB /* PMAppDelegate.m in Sources */,
				CA021DEE17EE350800DE0ECB /* PMDummyViewController.m in Sources */,
				CA021E0717EE463200DE0ECB /* PMExploreViewController.m in Sources */,
				CA021E0A17EE467100DE0ECB /* PMMineViewController.m in Sources */,
				CA021E1117EE50FD00DE0ECB /* PMExploreListCell.m in Sources */,
				CA021E3C17EE788F00DE0ECB /* PMNewTripViewController.m in Sources */,
			);
			runOnlyForDeploymentPostprocessing = 0;
		};
/* End PBXSourcesBuildPhase section */

/* Begin PBXVariantGroup section */
		CA021DDA17EE350800DE0ECB /* InfoPlist.strings */ = {
			isa = PBXVariantGroup;
			children = (
				CA021DDB17EE350800DE0ECB /* en */,
			);
			name = InfoPlist.strings;
			sourceTree = "<group>";
		};
		CA021DE917EE350800DE0ECB /* MainStoryboard.storyboard */ = {
			isa = PBXVariantGroup;
			children = (
				CA021DEA17EE350800DE0ECB /* en */,
			);
			name = MainStoryboard.storyboard;
			sourceTree = "<group>";
		};
/* End PBXVariantGroup section */

/* Begin XCBuildConfiguration section */
		CA021DFA17EE350800DE0ECB /* Debug */ = {
			isa = XCBuildConfiguration;
			buildSettings = {
				ALWAYS_SEARCH_USER_PATHS = NO;
				CLANG_CXX_LANGUAGE_STANDARD = "gnu++0x";
				CLANG_CXX_LIBRARY = "libc++";
				CLANG_ENABLE_OBJC_ARC = YES;
				CLANG_WARN_CONSTANT_CONVERSION = YES;
				CLANG_WARN_EMPTY_BODY = YES;
				CLANG_WARN_ENUM_CONVERSION = YES;
				CLANG_WARN_INT_CONVERSION = YES;
				CLANG_WARN__DUPLICATE_METHOD_MATCH = YES;
				"CODE_SIGN_IDENTITY[sdk=iphoneos*]" = "iPhone Developer";
				COPY_PHASE_STRIP = NO;
				GCC_C_LANGUAGE_STANDARD = gnu99;
				GCC_DYNAMIC_NO_PIC = NO;
				GCC_OPTIMIZATION_LEVEL = 0;
				GCC_PREPROCESSOR_DEFINITIONS = (
					"DEBUG=1",
					"$(inherited)",
				);
				GCC_SYMBOLS_PRIVATE_EXTERN = NO;
				GCC_WARN_ABOUT_RETURN_TYPE = YES;
				GCC_WARN_UNINITIALIZED_AUTOS = YES;
				GCC_WARN_UNUSED_VARIABLE = YES;
				IPHONEOS_DEPLOYMENT_TARGET = 6.1;
				ONLY_ACTIVE_ARCH = YES;
				SDKROOT = iphoneos;
			};
			name = Debug;
		};
		CA021DFB17EE350800DE0ECB /* Release */ = {
			isa = XCBuildConfiguration;
			buildSettings = {
				ALWAYS_SEARCH_USER_PATHS = NO;
				CLANG_CXX_LANGUAGE_STANDARD = "gnu++0x";
				CLANG_CXX_LIBRARY = "libc++";
				CLANG_ENABLE_OBJC_ARC = YES;
				CLANG_WARN_CONSTANT_CONVERSION = YES;
				CLANG_WARN_EMPTY_BODY = YES;
				CLANG_WARN_ENUM_CONVERSION = YES;
				CLANG_WARN_INT_CONVERSION = YES;
				CLANG_WARN__DUPLICATE_METHOD_MATCH = YES;
				"CODE_SIGN_IDENTITY[sdk=iphoneos*]" = "iPhone Developer";
				COPY_PHASE_STRIP = YES;
				GCC_C_LANGUAGE_STANDARD = gnu99;
				GCC_WARN_ABOUT_RETURN_TYPE = YES;
				GCC_WARN_UNINITIALIZED_AUTOS = YES;
				GCC_WARN_UNUSED_VARIABLE = YES;
				IPHONEOS_DEPLOYMENT_TARGET = 6.1;
				OTHER_CFLAGS = "-DNS_BLOCK_ASSERTIONS=1";
				SDKROOT = iphoneos;
				VALIDATE_PRODUCT = YES;
			};
			name = Release;
		};
		CA021DFD17EE350800DE0ECB /* Debug */ = {
			isa = XCBuildConfiguration;
			buildSettings = {
				GCC_PRECOMPILE_PREFIX_HEADER = YES;
				GCC_PREFIX_HEADER = "PinMo/PinMo-Prefix.pch";
				INFOPLIST_FILE = "PinMo/PinMo-Info.plist";
				PRODUCT_NAME = "$(TARGET_NAME)";
				WRAPPER_EXTENSION = app;
			};
			name = Debug;
		};
		CA021DFE17EE350800DE0ECB /* Release */ = {
			isa = XCBuildConfiguration;
			buildSettings = {
				GCC_PRECOMPILE_PREFIX_HEADER = YES;
				GCC_PREFIX_HEADER = "PinMo/PinMo-Prefix.pch";
				INFOPLIST_FILE = "PinMo/PinMo-Info.plist";
				PRODUCT_NAME = "$(TARGET_NAME)";
				WRAPPER_EXTENSION = app;
			};
			name = Release;
		};
/* End XCBuildConfiguration section */

/* Begin XCConfigurationList section */
		CA021DC917EE350800DE0ECB /* Build configuration list for PBXProject "PinMo" */ = {
			isa = XCConfigurationList;
			buildConfigurations = (
				CA021DFA17EE350800DE0ECB /* Debug */,
				CA021DFB17EE350800DE0ECB /* Release */,
			);
			defaultConfigurationIsVisible = 0;
			defaultConfigurationName = Release;
		};
		CA021DFC17EE350800DE0ECB /* Build configuration list for PBXNativeTarget "PinMo" */ = {
			isa = XCConfigurationList;
			buildConfigurations = (
				CA021DFD17EE350800DE0ECB /* Debug */,
				CA021DFE17EE350800DE0ECB /* Release */,
			);
			defaultConfigurationIsVisible = 0;
		};
/* End XCConfigurationList section */
	};
	rootObject = CA021DC617EE350800DE0ECB /* Project object */;
}
